
Microsoft Visual Studio Solution File, Format Version 12.00
Project("{FAE04EC0-301F-11D3-BF4B-00C04F79EFBC}") = "LearningCenter.API", "LearningCenter.API\LearningCenter.API.csproj", "{500A7F93-866B-46B5-B365-0A81233F2BAA}"
EndProject
Global
	GlobalSection(SolutionConfigurationPlatforms) = preSolution
		Debug|Any CPU = Debug|Any CPU
		Release|Any CPU = Release|Any CPU
	EndGlobalSection
	GlobalSection(ProjectConfigurationPlatforms) = postSolution
		{500A7F93-866B-46B5-B365-0A81233F2BAA}.Debug|Any CPU.ActiveCfg = Debug|Any CPU
		{500A7F93-866B-46B5-B365-0A81233F2BAA}.Debug|Any CPU.Build.0 = Debug|Any CPU
		{500A7F93-866B-46B5-B365-0A81233F2BAA}.Release|Any CPU.ActiveCfg = Release|Any CPU
		{500A7F93-866B-46B5-B365-0A81233F2BAA}.Release|Any CPU.Build.0 = Release|Any CPU
	EndGlobalSection
EndGlobal
